
Microsoft Visual Studio Solution File, Format Version 12.00
# Visual Studio Version 16
VisualStudioVersion = 16.0.29418.71
MinimumVisualStudioVersion = 10.0.40219.1
Project("{FAE04EC0-301F-11D3-BF4B-00C04F79EFBC}") = "SCSU", "SchoolComputerUser\SCSU.csproj", "{2A3184E1-5DB8-4A65-B767-F14145899787}"
EndProject
Project("{FAE04EC0-301F-11D3-BF4B-00C04F79EFBC}") = "SCSA", "SchoolComputerAdmin\SCSA.csproj", "{4C160B2B-A5DD-4526-BDDB-0C26F235CD18}"
EndProject
Project("{FAE04EC0-301F-11D3-BF4B-00C04F79EFBC}") = "SCSAUpdater", "SchoolComputerAdminUpdater\SCSAUpdater.csproj", "{2314BAFD-5D0B-4932-8788-0AACC5F6138B}"
EndProject
Project("{FAE04EC0-301F-11D3-BF4B-00C04F79EFBC}") = "SCSUUpdater", "SchoolComputerUserUpdater\SCSUUpdater.csproj", "{67B0E74D-6E40-410A-9403-265F4F37BCF0}"
EndProject
Global
	GlobalSection(SolutionConfigurationPlatforms) = preSolution
		Debug|Any CPU = Debug|Any CPU
		Release|Any CPU = Release|Any CPU
	EndGlobalSection
	GlobalSection(ProjectConfigurationPlatforms) = postSolution
		{2A3184E1-5DB8-4A65-B767-F14145899787}.Debug|Any CPU.ActiveCfg = Debug|Any CPU
		{2A3184E1-5DB8-4A65-B767-F14145899787}.Debug|Any CPU.Build.0 = Debug|Any CPU
		{2A3184E1-5DB8-4A65-B767-F14145899787}.Release|Any CPU.ActiveCfg = Release|Any CPU
		{2A3184E1-5DB8-4A65-B767-F14145899787}.Release|Any CPU.Build.0 = Release|Any CPU
		{4C160B2B-A5DD-4526-BDDB-0C26F235CD18}.Debug|Any CPU.ActiveCfg = Debug|Any CPU
		{4C160B2B-A5DD-4526-BDDB-0C26F235CD18}.Debug|Any CPU.Build.0 = Debug|Any CPU
		{4C160B2B-A5DD-4526-BDDB-0C26F235CD18}.Release|Any CPU.ActiveCfg = Release|Any CPU
		{4C160B2B-A5DD-4526-BDDB-0C26F235CD18}.Release|Any CPU.Build.0 = Release|Any CPU
		{2314BAFD-5D0B-4932-8788-0AACC5F6138B}.Debug|Any CPU.ActiveCfg = Debug|Any CPU
		{2314BAFD-5D0B-4932-8788-0AACC5F6138B}.Debug|Any CPU.Build.0 = Debug|Any CPU
		{2314BAFD-5D0B-4932-8788-0AACC5F6138B}.Release|Any CPU.ActiveCfg = Release|Any CPU
		{2314BAFD-5D0B-4932-8788-0AACC5F6138B}.Release|Any CPU.Build.0 = Release|Any CPU
		{67B0E74D-6E40-410A-9403-265F4F37BCF0}.Debug|Any CPU.ActiveCfg = Debug|Any CPU
		{67B0E74D-6E40-410A-9403-265F4F37BCF0}.Debug|Any CPU.Build.0 = Debug|Any CPU
		{67B0E74D-6E40-410A-9403-265F4F37BCF0}.Release|Any CPU.ActiveCfg = Release|Any CPU
		{67B0E74D-6E40-410A-9403-265F4F37BCF0}.Release|Any CPU.Build.0 = Release|Any CPU
	EndGlobalSection
	GlobalSection(SolutionProperties) = preSolution
		HideSolutionNode = FALSE
	EndGlobalSection
	GlobalSection(ExtensibilityGlobals) = postSolution
		SolutionGuid = {BD8077D8-49D5-478F-A631-41B1AB492CEF}
	EndGlobalSection
EndGlobal
